// !$*UTF8*$!
{
	archiveVersion = 1;
	classes = {
	};
	objectVersion = 46;
	objects = {

/* Begin PBXBuildFile section */
		94DAE53A1F4F8B2000827B9F /* AppDelegate.swift in Sources */ = {isa = PBXBuildFile; fileRef = 94DAE5391F4F8B2000827B9F /* AppDelegate.swift */; };
		94DAE53C1F4F8B2000827B9F /* ViewController.swift in Sources */ = {isa = PBXBuildFile; fileRef = 94DAE53B1F4F8B2000827B9F /* ViewController.swift */; };
		94DAE53F1F4F8B2000827B9F /* Main.storyboard in Resources */ = {isa = PBXBuildFile; fileRef = 94DAE53D1F4F8B2000827B9F /* Main.storyboard */; };
		94DAE5411F4F8B2000827B9F /* Assets.xcassets in Resources */ = {isa = PBXBuildFile; fileRef = 94DAE5401F4F8B2000827B9F /* Assets.xcassets */; };
		94DAE5441F4F8B2000827B9F /* LaunchScreen.storyboard in Resources */ = {isa = PBXBuildFile; fileRef = 94DAE5421F4F8B2000827B9F /* LaunchScreen.storyboard */; };
		94DAE54F1F4F8B2000827B9F /* AutomatedTestCounterUITests.swift in Sources */ = {isa = PBXBuildFile; fileRef = 94DAE54E1F4F8B2000827B9F /* AutomatedTestCounterUITests.swift */; };
/* End PBXBuildFile section */

/* Begin PBXContainerItemProxy section */
		94DAE54B1F4F8B2000827B9F /* PBXContainerItemProxy */ = {
			isa = PBXContainerItemProxy;
			containerPortal = 94DAE52E1F4F8B2000827B9F /* Project object */;
			proxyType = 1;
			remoteGlobalIDString = 94DAE5351F4F8B2000827B9F;
			remoteInfo = AutomatedTestCounter;
		};
/* End PBXContainerItemProxy section */

/* Begin PBXFileReference section */
		94DAE5361F4F8B2000827B9F /* AutomatedTestCounter.app */ = {isa = PBXFileReference; explicitFileType = wrapper.application; includeInIndex = 0; path = AutomatedTestCounter.app; sourceTree = BUILT_PRODUCTS_DIR; };
		94DAE5391F4F8B2000827B9F /* AppDelegate.swift */ = {isa = PBXFileReference; lastKnownFileType = sourcecode.swift; path = AppDelegate.swift; sourceTree = "<group>"; };
		94DAE53B1F4F8B2000827B9F /* ViewController.swift */ = {isa = PBXFileReference; lastKnownFileType = sourcecode.swift; path = ViewController.swift; sourceTree = "<group>"; };
		94DAE53E1F4F8B2000827B9F /* Base */ = {isa = PBXFileReference; lastKnownFileType = file.storyboard; name = Base; path = Base.lproj/Main.storyboard; sourceTree = "<group>"; };
		94DAE5401F4F8B2000827B9F /* Assets.xcassets */ = {isa = PBXFileReference; lastKnownFileType = folder.assetcatalog; path = Assets.xcassets; sourceTree = "<group>"; };
		94DAE5431F4F8B2000827B9F /* Base */ = {isa = PBXFileReference; lastKnownFileType = file.storyboard; name = Base; path = Base.lproj/LaunchScreen.storyboard; sourceTree = "<group>"; };
		94DAE5451F4F8B2000827B9F /* Info.plist */ = {isa = PBXFileReference; lastKnownFileType = text.plist.xml; path = Info.plist; sourceTree = "<group>"; };
		94DAE54A1F4F8B2000827B9F /* AutomatedTestCounterUITests.xctest */ = {isa = PBXFileReference; explicitFileType = wrapper.cfbundle; includeInIndex = 0; path = AutomatedTestCounterUITests.xctest; sourceTree = BUILT_PRODUCTS_DIR; };
		94DAE54E1F4F8B2000827B9F /* AutomatedTestCounterUITests.swift */ = {isa = PBXFileReference; lastKnownFileType = sourcecode.swift; path = AutomatedTestCounterUITests.swift; sourceTree = "<group>"; };
		94DAE5501F4F8B2000827B9F /* Info.plist */ = {isa = PBXFileReference; lastKnownFileType = text.plist.xml; path = Info.plist; sourceTree = "<group>"; };
/* End PBXFileReference section */

/* Begin PBXFrameworksBuildPhase section */
		94DAE5331F4F8B2000827B9F /* Frameworks */ = {
			isa = PBXFrameworksBuildPhase;
			buildActionMask = 2147483647;
			files = (
			);
			runOnlyForDeploymentPostprocessing = 0;
		};
		94DAE5471F4F8B2000827B9F /* Frameworks */ = {
			isa = PBXFrameworksBuildPhase;
			buildActionMask = 2147483647;
			files = (
			);
			runOnlyForDeploymentPostprocessing = 0;
		};
/* End PBXFrameworksBuildPhase section */

/* Begin PBXGroup section */
		94DAE52D1F4F8B2000827B9F = {
			isa = PBXGroup;
			children = (
				94DAE5381F4F8B2000827B9F /* AutomatedTestCounter */,
				94DAE54D1F4F8B2000827B9F /* AutomatedTestCounterUITests */,
				94DAE5371F4F8B2000827B9F /* Products */,
			);
			sourceTree = "<group>";
		};
		94DAE5371F4F8B2000827B9F /* Products */ = {
			isa = PBXGroup;
			children = (
				94DAE5361F4F8B2000827B9F /* AutomatedTestCounter.app */,
				94DAE54A1F4F8B2000827B9F /* AutomatedTestCounterUITests.xctest */,
			);
			name = Products;
			sourceTree = "<group>";
		};
		94DAE5381F4F8B2000827B9F /* AutomatedTestCounter */ = {
			isa = PBXGroup;
			children = (
				94DAE5391F4F8B2000827B9F /* AppDelegate.swift */,
				94DAE53B1F4F8B2000827B9F /* ViewController.swift */,
				94DAE53D1F4F8B2000827B9F /* Main.storyboard */,
				94DAE5401F4F8B2000827B9F /* Assets.xcassets */,
				94DAE5421F4F8B2000827B9F /* LaunchScreen.storyboard */,
				94DAE5451F4F8B2000827B9F /* Info.plist */,
			);
			path = AutomatedTestCounter;
			sourceTree = "<group>";
		};
		94DAE54D1F4F8B2000827B9F /* AutomatedTestCounterUITests */ = {
			isa = PBXGroup;
			children = (
				94DAE54E1F4F8B2000827B9F /* AutomatedTestCounterUITests.swift */,
				94DAE5501F4F8B2000827B9F /* Info.plist */,
			);
			path = AutomatedTestCounterUITests;
			sourceTree = "<group>";
		};
/* End PBXGroup section */

/* Begin PBXNativeTarget section */
		94DAE5351F4F8B2000827B9F /* AutomatedTestCounter */ = {
			isa = PBXNativeTarget;
			buildConfigurationList = 94DAE5531F4F8B2000827B9F /* Build configuration list for PBXNativeTarget "AutomatedTestCounter" */;
			buildPhases = (
				94DAE5321F4F8B2000827B9F /* Sources */,
				94DAE5331F4F8B2000827B9F /* Frameworks */,
				94DAE5341F4F8B2000827B9F /* Resources */,
			);
			buildRules = (
			);
			dependencies = (
			);
			name = AutomatedTestCounter;
			productName = AutomatedTestCounter;
			productReference = 94DAE5361F4F8B2000827B9F /* AutomatedTestCounter.app */;
			productType = "com.apple.product-type.application";
		};
		94DAE5491F4F8B2000827B9F /* AutomatedTestCounterUITests */ = {
			isa = PBXNativeTarget;
			buildConfigurationList = 94DAE5561F4F8B2000827B9F /* Build configuration list for PBXNativeTarget "AutomatedTestCounterUITests" */;
			buildPhases = (
				94DAE5461F4F8B2000827B9F /* Sources */,
				94DAE5471F4F8B2000827B9F /* Frameworks */,
				94DAE5481F4F8B2000827B9F /* Resources */,
			);
			buildRules = (
			);
			dependencies = (
				94DAE54C1F4F8B2000827B9F /* PBXTargetDependency */,
			);
			name = AutomatedTestCounterUITests;
			productName = AutomatedTestCounterUITests;
			productReference = 94DAE54A1F4F8B2000827B9F /* AutomatedTestCounterUITests.xctest */;
			productType = "com.apple.product-type.bundle.ui-testing";
		};
/* End PBXNativeTarget section */

/* Begin PBXProject section */
		94DAE52E1F4F8B2000827B9F /* Project object */ = {
			isa = PBXProject;
			attributes = {
				LastSwiftUpdateCheck = 0830;
				LastUpgradeCheck = 0830;
				ORGANIZATIONNAME = "Nikhil Tanappagol";
				TargetAttributes = {
					94DAE5351F4F8B2000827B9F = {
						CreatedOnToolsVersion = 8.3.3;
						ProvisioningStyle = Automatic;
					};
					94DAE5491F4F8B2000827B9F = {
						CreatedOnToolsVersion = 8.3.3;
						ProvisioningStyle = Automatic;
						TestTargetID = 94DAE5351F4F8B2000827B9F;
					};
				};
			};
			buildConfigurationList = 94DAE5311F4F8B2000827B9F /* Build configuration list for PBXProject "AutomatedTestCounter" */;
			compatibilityVersion = "Xcode 3.2";
			developmentRegion = English;
			hasScannedForEncodings = 0;
			knownRegions = (
				en,
				Base,
			);
			mainGroup = 94DAE52D1F4F8B2000827B9F;
			productRefGroup = 94DAE5371F4F8B2000827B9F /* Products */;
			projectDirPath = "";
			projectRoot = "";
			targets = (
				94DAE5351F4F8B2000827B9F /* AutomatedTestCounter */,
				94DAE5491F4F8B2000827B9F /* AutomatedTestCounterUITests */,
			);
		};
/* End PBXProject section */

/* Begin PBXResourcesBuildPhase section */
		94DAE5341F4F8B2000827B9F /* Resources */ = {
			isa = PBXResourcesBuildPhase;
			buildActionMask = 2147483647;
			files = (
				94DAE5441F4F8B2000827B9F /* LaunchScreen.storyboard in Resources */,
				94DAE5411F4F8B2000827B9F /* Assets.xcassets in Resources */,
				94DAE53F1F4F8B2000827B9F /* Main.storyboard in Resources */,
			);
			runOnlyForDeploymentPostprocessing = 0;
		};
		94DAE5481F4F8B2000827B9F /* Resources */ = {
			isa = PBXResourcesBuildPhase;
			buildActionMask = 2147483647;
			files = (
			);
			runOnlyForDeploymentPostprocessing = 0;
		};
/* End PBXResourcesBuildPhase section */

/* Begin PBXSourcesBuildPhase section */
		94DAE5321F4F8B2000827B9F /* Sources */ = {
			isa = PBXSourcesBuildPhase;
			buildActionMask = 2147483647;
			files = (
				94DAE53C1F4F8B2000827B9F /* ViewController.swift in Sources */,
				94DAE53A1F4F8B2000827B9F /* AppDelegate.swift in Sources */,
			);
			runOnlyForDeploymentPostprocessing = 0;
		};
		94DAE5461F4F8B2000827B9F /* Sources */ = {
			isa = PBXSourcesBuildPhase;
			buildActionMask = 2147483647;
			files = (
				94DAE54F1F4F8B2000827B9F /* AutomatedTestCounterUITests.swift in Sources */,
			);
			runOnlyForDeploymentPostprocessing = 0;
		};
/* End PBXSourcesBuildPhase section */

/* Begin PBXTargetDependency section */
		94DAE54C1F4F8B2000827B9F /* PBXTargetDependency */ = {
			isa = PBXTargetDependency;
			target = 94DAE5351F4F8B2000827B9F /* AutomatedTestCounter */;
			targetProxy = 94DAE54B1F4F8B2000827B9F /* PBXContainerItemProxy */;
		};
/* End PBXTargetDependency section */

/* Begin PBXVariantGroup section */
		94DAE53D1F4F8B2000827B9F /* Main.storyboard */ = {
			isa = PBXVariantGroup;
			children = (
				94DAE53E1F4F8B2000827B9F /* Base */,
			);
			name = Main.storyboard;
			sourceTree = "<group>";
		};
		94DAE5421F4F8B2000827B9F /* LaunchScreen.storyboard */ = {
			isa = PBXVariantGroup;
			children = (
				94DAE5431F4F8B2000827B9F /* Base */,
			);
			name = LaunchScreen.storyboard;
			sourceTree = "<group>";
		};
/* End PBXVariantGroup section */

/* Begin XCBuildConfiguration section */
		94DAE5511F4F8B2000827B9F /* Debug */ = {
			isa = XCBuildConfiguration;
			buildSettings = {
				ALWAYS_SEARCH_USER_PATHS = NO;
				CLANG_ANALYZER_NONNULL = YES;
				CLANG_ANALYZER_NUMBER_OBJECT_CONVERSION = YES_AGGRESSIVE;
				CLANG_CXX_LANGUAGE_STANDARD = "gnu++0x";
				CLANG_CXX_LIBRARY = "libc++";
				CLANG_ENABLE_MODULES = YES;
				CLANG_ENABLE_OBJC_ARC = YES;
				CLANG_WARN_BOOL_CONVERSION = YES;
				CLANG_WARN_CONSTANT_CONVERSION = YES;
				CLANG_WARN_DIRECT_OBJC_ISA_USAGE = YES_ERROR;
				CLANG_WARN_DOCUMENTATION_COMMENTS = YES;
				CLANG_WARN_EMPTY_BODY = YES;
				CLANG_WARN_ENUM_CONVERSION = YES;
				CLANG_WARN_INFINITE_RECURSION = YES;
				CLANG_WARN_INT_CONVERSION = YES;
				CLANG_WARN_OBJC_ROOT_CLASS = YES_ERROR;
				CLANG_WARN_SUSPICIOUS_MOVE = YES;
				CLANG_WARN_UNREACHABLE_CODE = YES;
				CLANG_WARN__DUPLICATE_METHOD_MATCH = YES;
				"CODE_SIGN_IDENTITY[sdk=iphoneos*]" = "iPhone Developer";
				COPY_PHASE_STRIP = NO;
				DEBUG_INFORMATION_FORMAT = dwarf;
				ENABLE_STRICT_OBJC_MSGSEND = YES;
				ENABLE_TESTABILITY = YES;
				GCC_C_LANGUAGE_STANDARD = gnu99;
				GCC_DYNAMIC_NO_PIC = NO;
				GCC_NO_COMMON_BLOCKS = YES;
				GCC_OPTIMIZATION_LEVEL = 0;
				GCC_PREPROCESSOR_DEFINITIONS = (
					"DEBUG=1",
					"$(inherited)",
				);
				GCC_WARN_64_TO_32_BIT_CONVERSION = YES;
				GCC_WARN_ABOUT_RETURN_TYPE = YES_ERROR;
				GCC_WARN_UNDECLARED_SELECTOR = YES;
				GCC_WARN_UNINITIALIZED_AUTOS = YES_AGGRESSIVE;
				GCC_WARN_UNUSED_FUNCTION = YES;
				GCC_WARN_UNUSED_VARIABLE = YES;
				IPHONEOS_DEPLOYMENT_TARGET = 10.3;
				MTL_ENABLE_DEBUG_INFO = YES;
				ONLY_ACTIVE_ARCH = YES;
				SDKROOT = iphoneos;
				SWIFT_ACTIVE_COMPILATION_CONDITIONS = DEBUG;
				SWIFT_OPTIMIZATION_LEVEL = "-Onone";
				TARGETED_DEVICE_FAMILY = "1,2";
			};
			name = Debug;
		};
		94DAE5521F4F8B2000827B9F /* Release */ = {
			isa = XCBuildConfiguration;
			buildSettings = {
				ALWAYS_SEARCH_USER_PATHS = NO;
				CLANG_ANALYZER_NONNULL = YES;
				CLANG_ANALYZER_NUMBER_OBJECT_CONVERSION = YES_AGGRESSIVE;
				CLANG_CXX_LANGUAGE_STANDARD = "gnu++0x";
				CLANG_CXX_LIBRARY = "libc++";
				CLANG_ENABLE_MODULES = YES;
				CLANG_ENABLE_OBJC_ARC = YES;
				CLANG_WARN_BOOL_CONVERSION = YES;
				CLANG_WARN_CONSTANT_CONVERSION = YES;
				CLANG_WARN_DIRECT_OBJC_ISA_USAGE = YES_ERROR;
				CLANG_WARN_DOCUMENTATION_COMMENTS = YES;
				CLANG_WARN_EMPTY_BODY = YES;
				CLANG_WARN_ENUM_CONVERSION = YES;
				CLANG_WARN_INFINITE_RECURSION = YES;
				CLANG_WARN_INT_CONVERSION = YES;
				CLANG_WARN_OBJC_ROOT_CLASS = YES_ERROR;
				CLANG_WARN_SUSPICIOUS_MOVE = YES;
				CLANG_WARN_UNREACHABLE_CODE = YES;
				CLANG_WARN__DUPLICATE_METHOD_MATCH = YES;
				"CODE_SIGN_IDENTITY[sdk=iphoneos*]" = "iPhone Developer";
				COPY_PHASE_STRIP = NO;
				DEBUG_INFORMATION_FORMAT = "dwarf-with-dsym";
				ENABLE_NS_ASSERTIONS = NO;
				ENABLE_STRICT_OBJC_MSGSEND = YES;
				GCC_C_LANGUAGE_STANDARD = gnu99;
				GCC_NO_COMMON_BLOCKS = YES;
				GCC_WARN_64_TO_32_BIT_CONVERSION = YES;
				GCC_WARN_ABOUT_RETURN_TYPE = YES_ERROR;
				GCC_WARN_UNDECLARED_SELECTOR = YES;
				GCC_WARN_UNINITIALIZED_AUTOS = YES_AGGRESSIVE;
				GCC_WARN_UNUSED_FUNCTION = YES;
				GCC_WARN_UNUSED_VARIABLE = YES;
				IPHONEOS_DEPLOYMENT_TARGET = 10.3;
				MTL_ENABLE_DEBUG_INFO = NO;
				SDKROOT = iphoneos;
				SWIFT_OPTIMIZATION_LEVEL = "-Owholemodule";
				TARGETED_DEVICE_FAMILY = "1,2";
				VALIDATE_PRODUCT = YES;
			};
			name = Release;
		};
		94DAE5541F4F8B2000827B9F /* Debug */ = {
			isa = XCBuildConfiguration;
			buildSettings = {
				ASSETCATALOG_COMPILER_APPICON_NAME = AppIcon;
				INFOPLIST_FILE = AutomatedTestCounter/Info.plist;
				LD_RUNPATH_SEARCH_PATHS = "$(inherited) @executable_path/Frameworks";
				PRODUCT_BUNDLE_IDENTIFIER = com.nikpra.DailyRentals.AutomatedTestCounter;
				PRODUCT_NAME = "$(TARGET_NAME)";
				SWIFT_VERSION = 3.0;
			};
			name = Debug;
		};
		94DAE5551F4F8B2000827B9F /* Release */ = {
			isa = XCBuildConfiguration;
			buildSettings = {
				ASSETCATALOG_COMPILER_APPICON_NAME = AppIcon;
				INFOPLIST_FILE = AutomatedTestCounter/Info.plist;
				LD_RUNPATH_SEARCH_PATHS = "$(inherited) @executable_path/Frameworks";
				PRODUCT_BUNDLE_IDENTIFIER = com.nikpra.DailyRentals.AutomatedTestCounter;
				PRODUCT_NAME = "$(TARGET_NAME)";
				SWIFT_VERSION = 3.0;
			};
			name = Release;
		};
		94DAE5571F4F8B2000827B9F /* Debug */ = {
			isa = XCBuildConfiguration;
			buildSettings = {
				ALWAYS_EMBED_SWIFT_STANDARD_LIBRARIES = YES;
				INFOPLIST_FILE = AutomatedTestCounterUITests/Info.plist;
				LD_RUNPATH_SEARCH_PATHS = "$(inherited) @executable_path/Frameworks @loader_path/Frameworks";
				PRODUCT_BUNDLE_IDENTIFIER = com.nikpra.DailyRentals.AutomatedTestCounterUITests;
				PRODUCT_NAME = "$(TARGET_NAME)";
				SWIFT_VERSION = 3.0;
				TEST_TARGET_NAME = AutomatedTestCounter;
			};
			name = Debug;
		};
		94DAE5581F4F8B2000827B9F /* Release */ = {
			isa = XCBuildConfiguration;
			buildSettings = {
				ALWAYS_EMBED_SWIFT_STANDARD_LIBRARIES = YES;
				INFOPLIST_FILE = AutomatedTestCounterUITests/Info.plist;
				LD_RUNPATH_SEARCH_PATHS = "$(inherited) @executable_path/Frameworks @loader_path/Frameworks";
				PRODUCT_BUNDLE_IDENTIFIER = com.nikpra.DailyRentals.AutomatedTestCounterUITests;
				PRODUCT_NAME = "$(TARGET_NAME)";
				SWIFT_VERSION = 3.0;
				TEST_TARGET_NAME = AutomatedTestCounter;
			};
			name = Release;
		};
/* End XCBuildConfiguration section */

/* Begin XCConfigurationList section */
		94DAE5311F4F8B2000827B9F /* Build configuration list for PBXProject "AutomatedTestCounter" */ = {
			isa = XCConfigurationList;
			buildConfigurations = (
				94DAE5511F4F8B2000827B9F /* Debug */,
				94DAE5521F4F8B2000827B9F /* Release */,
			);
			defaultConfigurationIsVisible = 0;
			defaultConfigurationName = Release;
		};
		94DAE5531F4F8B2000827B9F /* Build configuration list for PBXNativeTarget "AutomatedTestCounter" */ = {
			isa = XCConfigurationList;
			buildConfigurations = (
				94DAE5541F4F8B2000827B9F /* Debug */,
				94DAE5551F4F8B2000827B9F /* Release */,
			);
			defaultConfigurationIsVisible = 0;
		};
		94DAE5561F4F8B2000827B9F /* Build configuration list for PBXNativeTarget "AutomatedTestCounterUITests" */ = {
			isa = XCConfigurationList;
			buildConfigurations = (
				94DAE5571F4F8B2000827B9F /* Debug */,
				94DAE5581F4F8B2000827B9F /* Release */,
			);
			defaultConfigurationIsVisible = 0;
		};
/* End XCConfigurationList section */
	};
	rootObject = 94DAE52E1F4F8B2000827B9F /* Project object */;
}
